
Microsoft Visual Studio Solution File, Format Version 12.00
# Visual Studio Version 16
VisualStudioVersion = 16.0.30517.126
MinimumVisualStudioVersion = 10.0.40219.1
Project("{9A19103F-16F7-4668-BE54-9A1E7A4F7556}") = "WebAppAuthentication", "src\WebAppAuthentication.csproj", "{402B3553-5AD0-48FE-A030-814CECF3DB61}"
EndProject
Global
	GlobalSection(SolutionConfigurationPlatforms) = preSolution
		Debug|Any CPU = Debug|Any CPU
		Release|Any CPU = Release|Any CPU
	EndGlobalSection
	GlobalSection(ProjectConfigurationPlatforms) = postSolution
		{402B3553-5AD0-48FE-A030-814CECF3DB61}.Debug|Any CPU.ActiveCfg = Debug|Any CPU
		{402B3553-5AD0-48FE-A030-814CECF3DB61}.Debug|Any CPU.Build.0 = Debug|Any CPU
		{402B3553-5AD0-48FE-A030-814CECF3DB61}.Release|Any CPU.ActiveCfg = Release|Any CPU
		{402B3553-5AD0-48FE-A030-814CECF3DB61}.Release|Any CPU.Build.0 = Release|Any CPU
	EndGlobalSection
	GlobalSection(SolutionProperties) = preSolution
		HideSolutionNode = FALSE
	EndGlobalSection
	GlobalSection(ExtensibilityGlobals) = postSolution
		SolutionGuid = {2E061D38-454B-44B0-A21E-522F739319E0}
	EndGlobalSection
EndGlobal
